// !$*UTF8*$!
{
	archiveVersion = 1;
	classes = {
	};
	objectVersion = 50;
	objects = {

/* Begin PBXBuildFile section */
		08FC4A20FE410A0D89DB1D19 /* Pods_proyectoFinaliOS.framework in Frameworks */ = {isa = PBXBuildFile; fileRef = 880A44B30A836F3775A7856C /* Pods_proyectoFinaliOS.framework */; };
		69AC9A7EFD0B6AEF959FB98B /* Pods_proyectoFinaliOSTests.framework in Frameworks */ = {isa = PBXBuildFile; fileRef = 4EDAB9B09208F5CAD0992E2F /* Pods_proyectoFinaliOSTests.framework */; };
		D10D6225240A61DD0019FD40 /* StringExtensions.swift in Sources */ = {isa = PBXBuildFile; fileRef = D10D621C240A61DC0019FD40 /* StringExtensions.swift */; };
		D10D6226240A61DD0019FD40 /* GlobalsVariables.swift in Sources */ = {isa = PBXBuildFile; fileRef = D10D621D240A61DC0019FD40 /* GlobalsVariables.swift */; };
		D10D6227240A61DD0019FD40 /* CustomView.swift in Sources */ = {isa = PBXBuildFile; fileRef = D10D621E240A61DC0019FD40 /* CustomView.swift */; };
		D10D6228240A61DD0019FD40 /* DateExtensions.swift in Sources */ = {isa = PBXBuildFile; fileRef = D10D621F240A61DC0019FD40 /* DateExtensions.swift */; };
		D10D6229240A61DD0019FD40 /* UITableViewCellExten.swift in Sources */ = {isa = PBXBuildFile; fileRef = D10D6220240A61DC0019FD40 /* UITableViewCellExten.swift */; };
		D10D622A240A61DD0019FD40 /* UiColorExtensions.swift in Sources */ = {isa = PBXBuildFile; fileRef = D10D6221240A61DD0019FD40 /* UiColorExtensions.swift */; };
		D10D622B240A61DD0019FD40 /* CheckInternetStatus.swift in Sources */ = {isa = PBXBuildFile; fileRef = D10D6222240A61DD0019FD40 /* CheckInternetStatus.swift */; };
		D10D622C240A61DD0019FD40 /* AlertViewPresenter.swift in Sources */ = {isa = PBXBuildFile; fileRef = D10D6223240A61DD0019FD40 /* AlertViewPresenter.swift */; };
		D10D622D240A61DD0019FD40 /* imageExtensions.swift in Sources */ = {isa = PBXBuildFile; fileRef = D10D6224240A61DD0019FD40 /* imageExtensions.swift */; };
		D10D6231240A66B60019FD40 /* NewUserRequest.swift in Sources */ = {isa = PBXBuildFile; fileRef = D10D6230240A66B60019FD40 /* NewUserRequest.swift */; };
		D10D6233240A671B0019FD40 /* NewUserResponse.swift in Sources */ = {isa = PBXBuildFile; fileRef = D10D6232240A671B0019FD40 /* NewUserResponse.swift */; };
		D10D6235240A69B60019FD40 /* APIRequest.swift in Sources */ = {isa = PBXBuildFile; fileRef = D10D6234240A69B60019FD40 /* APIRequest.swift */; };
		D10D6237240A73BB0019FD40 /* APIClient.swift in Sources */ = {isa = PBXBuildFile; fileRef = D10D6236240A73BB0019FD40 /* APIClient.swift */; };
		D10D6239240A73FE0019FD40 /* ApiErrorResponse.swift in Sources */ = {isa = PBXBuildFile; fileRef = D10D6238240A73FE0019FD40 /* ApiErrorResponse.swift */; };
		D10D623B240A77A40019FD40 /* LoginRegisterRepository.swift in Sources */ = {isa = PBXBuildFile; fileRef = D10D623A240A77A40019FD40 /* LoginRegisterRepository.swift */; };
		D10D623D240A78A00019FD40 /* LoginRegisterImpl.swift in Sources */ = {isa = PBXBuildFile; fileRef = D10D623C240A78A00019FD40 /* LoginRegisterImpl.swift */; };
		D10D6241240AB3010019FD40 /* RegisterRouter.swift in Sources */ = {isa = PBXBuildFile; fileRef = D10D6240240AB3010019FD40 /* RegisterRouter.swift */; };
		D10D6243240AB3110019FD40 /* RegisterViewModel.swift in Sources */ = {isa = PBXBuildFile; fileRef = D10D6242240AB3110019FD40 /* RegisterViewModel.swift */; };
		D10D624A240D0B0D0019FD40 /* RegisterViewController.swift in Sources */ = {isa = PBXBuildFile; fileRef = D10D6248240D0B0D0019FD40 /* RegisterViewController.swift */; };
		D10D624B240D0B0D0019FD40 /* RegisterViewController.xib in Resources */ = {isa = PBXBuildFile; fileRef = D10D6249240D0B0D0019FD40 /* RegisterViewController.xib */; };
		D10D624F24139CA10019FD40 /* LoginRouter.swift in Sources */ = {isa = PBXBuildFile; fileRef = D10D624E24139CA10019FD40 /* LoginRouter.swift */; };
		D10D625124139CB20019FD40 /* LoginViewModel.swift in Sources */ = {isa = PBXBuildFile; fileRef = D10D625024139CB20019FD40 /* LoginViewModel.swift */; };
		D10D625424139CC50019FD40 /* LoginViewController.swift in Sources */ = {isa = PBXBuildFile; fileRef = D10D625224139CC50019FD40 /* LoginViewController.swift */; };
		D10D625524139CC50019FD40 /* LoginViewController.xib in Resources */ = {isa = PBXBuildFile; fileRef = D10D625324139CC50019FD40 /* LoginViewController.xib */; };
		D10D625724139F890019FD40 /* LoginResponse.swift in Sources */ = {isa = PBXBuildFile; fileRef = D10D625624139F890019FD40 /* LoginResponse.swift */; };
		D10D62592413A3E60019FD40 /* LoginUserRequest.swift in Sources */ = {isa = PBXBuildFile; fileRef = D10D62582413A3E60019FD40 /* LoginUserRequest.swift */; };
		D10D625B2416D4130019FD40 /* ForgotPasswordResponse.swift in Sources */ = {isa = PBXBuildFile; fileRef = D10D625A2416D4130019FD40 /* ForgotPasswordResponse.swift */; };
		D10D625D2416D4A70019FD40 /* ForgotPasswordRequest.swift in Sources */ = {isa = PBXBuildFile; fileRef = D10D625C2416D4A70019FD40 /* ForgotPasswordRequest.swift */; };
		D10D625F2417923A0019FD40 /* DetailUserResponse.swift in Sources */ = {isa = PBXBuildFile; fileRef = D10D625E2417923A0019FD40 /* DetailUserResponse.swift */; };
		D10D6261241793340019FD40 /* DetailUserRequest.swift in Sources */ = {isa = PBXBuildFile; fileRef = D10D6260241793340019FD40 /* DetailUserRequest.swift */; };
		D116368A241796B100071052 /* privateMessageListResponse.swift in Sources */ = {isa = PBXBuildFile; fileRef = D1163689241796B100071052 /* privateMessageListResponse.swift */; };
		D116368C2417984400071052 /* privateMessageListRequest.swift in Sources */ = {isa = PBXBuildFile; fileRef = D116368B2417984400071052 /* privateMessageListRequest.swift */; };
		D116368F24179B6500071052 /* DetailUserRouter.swift in Sources */ = {isa = PBXBuildFile; fileRef = D116368E24179B6500071052 /* DetailUserRouter.swift */; };
		D116369124179B7B00071052 /* DetailUserViewModel.swift in Sources */ = {isa = PBXBuildFile; fileRef = D116369024179B7B00071052 /* DetailUserViewModel.swift */; };
		D116369424179B8C00071052 /* DetailUserViewController.swift in Sources */ = {isa = PBXBuildFile; fileRef = D116369224179B8C00071052 /* DetailUserViewController.swift */; };
		D116369524179B8C00071052 /* DetailUserViewController.xib in Resources */ = {isa = PBXBuildFile; fileRef = D116369324179B8C00071052 /* DetailUserViewController.xib */; };
		D117B3F12405361B00A6B383 /* AppDelegate.swift in Sources */ = {isa = PBXBuildFile; fileRef = D117B3F02405361B00A6B383 /* AppDelegate.swift */; };
		D117B3F62405361B00A6B383 /* proyectoFinaliOS.xcdatamodeld in Sources */ = {isa = PBXBuildFile; fileRef = D117B3F42405361B00A6B383 /* proyectoFinaliOS.xcdatamodeld */; };
		D117B3FA2405361C00A6B383 /* Assets.xcassets in Resources */ = {isa = PBXBuildFile; fileRef = D117B3F92405361C00A6B383 /* Assets.xcassets */; };
		D117B4002405361C00A6B383 /* LaunchScreen.storyboard in Resources */ = {isa = PBXBuildFile; fileRef = D117B3FE2405361C00A6B383 /* LaunchScreen.storyboard */; };
		D117B40B2405361C00A6B383 /* proyectoFinaliOSTests.swift in Sources */ = {isa = PBXBuildFile; fileRef = D117B40A2405361C00A6B383 /* proyectoFinaliOSTests.swift */; };
/* End PBXBuildFile section */

/* Begin PBXContainerItemProxy section */
		D117B4072405361C00A6B383 /* PBXContainerItemProxy */ = {
			isa = PBXContainerItemProxy;
			containerPortal = D117B3E52405361B00A6B383 /* Project object */;
			proxyType = 1;
			remoteGlobalIDString = D117B3EC2405361B00A6B383;
			remoteInfo = proyectoFinaliOS;
		};
/* End PBXContainerItemProxy section */

/* Begin PBXFileReference section */
		089B04DB20C30087CAA74162 /* Pods-proyectoFinaliOS.release.xcconfig */ = {isa = PBXFileReference; includeInIndex = 1; lastKnownFileType = text.xcconfig; name = "Pods-proyectoFinaliOS.release.xcconfig"; path = "Target Support Files/Pods-proyectoFinaliOS/Pods-proyectoFinaliOS.release.xcconfig"; sourceTree = "<group>"; };
		0C14299C8F62E64ECB236134 /* Pods-proyectoFinaliOSTests.release.xcconfig */ = {isa = PBXFileReference; includeInIndex = 1; lastKnownFileType = text.xcconfig; name = "Pods-proyectoFinaliOSTests.release.xcconfig"; path = "Target Support Files/Pods-proyectoFinaliOSTests/Pods-proyectoFinaliOSTests.release.xcconfig"; sourceTree = "<group>"; };
		0D18E6A0C621F27B7FDAADF5 /* Pods-proyectoFinaliOS.debug.xcconfig */ = {isa = PBXFileReference; includeInIndex = 1; lastKnownFileType = text.xcconfig; name = "Pods-proyectoFinaliOS.debug.xcconfig"; path = "Target Support Files/Pods-proyectoFinaliOS/Pods-proyectoFinaliOS.debug.xcconfig"; sourceTree = "<group>"; };
		4EDAB9B09208F5CAD0992E2F /* Pods_proyectoFinaliOSTests.framework */ = {isa = PBXFileReference; explicitFileType = wrapper.framework; includeInIndex = 0; path = Pods_proyectoFinaliOSTests.framework; sourceTree = BUILT_PRODUCTS_DIR; };
		74001A17119999B5C09162D6 /* Pods-proyectoFinaliOSTests.debug.xcconfig */ = {isa = PBXFileReference; includeInIndex = 1; lastKnownFileType = text.xcconfig; name = "Pods-proyectoFinaliOSTests.debug.xcconfig"; path = "Target Support Files/Pods-proyectoFinaliOSTests/Pods-proyectoFinaliOSTests.debug.xcconfig"; sourceTree = "<group>"; };
		880A44B30A836F3775A7856C /* Pods_proyectoFinaliOS.framework */ = {isa = PBXFileReference; explicitFileType = wrapper.framework; includeInIndex = 0; path = Pods_proyectoFinaliOS.framework; sourceTree = BUILT_PRODUCTS_DIR; };
		D10D621C240A61DC0019FD40 /* StringExtensions.swift */ = {isa = PBXFileReference; fileEncoding = 4; lastKnownFileType = sourcecode.swift; path = StringExtensions.swift; sourceTree = "<group>"; };
		D10D621D240A61DC0019FD40 /* GlobalsVariables.swift */ = {isa = PBXFileReference; fileEncoding = 4; lastKnownFileType = sourcecode.swift; path = GlobalsVariables.swift; sourceTree = "<group>"; };
		D10D621E240A61DC0019FD40 /* CustomView.swift */ = {isa = PBXFileReference; fileEncoding = 4; lastKnownFileType = sourcecode.swift; path = CustomView.swift; sourceTree = "<group>"; };
		D10D621F240A61DC0019FD40 /* DateExtensions.swift */ = {isa = PBXFileReference; fileEncoding = 4; lastKnownFileType = sourcecode.swift; path = DateExtensions.swift; sourceTree = "<group>"; };
		D10D6220240A61DC0019FD40 /* UITableViewCellExten.swift */ = {isa = PBXFileReference; fileEncoding = 4; lastKnownFileType = sourcecode.swift; path = UITableViewCellExten.swift; sourceTree = "<group>"; };
		D10D6221240A61DD0019FD40 /* UiColorExtensions.swift */ = {isa = PBXFileReference; fileEncoding = 4; lastKnownFileType = sourcecode.swift; path = UiColorExtensions.swift; sourceTree = "<group>"; };
		D10D6222240A61DD0019FD40 /* CheckInternetStatus.swift */ = {isa = PBXFileReference; fileEncoding = 4; lastKnownFileType = sourcecode.swift; path = CheckInternetStatus.swift; sourceTree = "<group>"; };
		D10D6223240A61DD0019FD40 /* AlertViewPresenter.swift */ = {isa = PBXFileReference; fileEncoding = 4; lastKnownFileType = sourcecode.swift; path = AlertViewPresenter.swift; sourceTree = "<group>"; };
		D10D6224240A61DD0019FD40 /* imageExtensions.swift */ = {isa = PBXFileReference; fileEncoding = 4; lastKnownFileType = sourcecode.swift; path = imageExtensions.swift; sourceTree = "<group>"; };
		D10D6230240A66B60019FD40 /* NewUserRequest.swift */ = {isa = PBXFileReference; lastKnownFileType = sourcecode.swift; path = NewUserRequest.swift; sourceTree = "<group>"; };
		D10D6232240A671B0019FD40 /* NewUserResponse.swift */ = {isa = PBXFileReference; lastKnownFileType = sourcecode.swift; path = NewUserResponse.swift; sourceTree = "<group>"; };
		D10D6234240A69B60019FD40 /* APIRequest.swift */ = {isa = PBXFileReference; lastKnownFileType = sourcecode.swift; path = APIRequest.swift; sourceTree = "<group>"; };
		D10D6236240A73BB0019FD40 /* APIClient.swift */ = {isa = PBXFileReference; lastKnownFileType = sourcecode.swift; path = APIClient.swift; sourceTree = "<group>"; };
		D10D6238240A73FE0019FD40 /* ApiErrorResponse.swift */ = {isa = PBXFileReference; fileEncoding = 4; lastKnownFileType = sourcecode.swift; path = ApiErrorResponse.swift; sourceTree = "<group>"; };
		D10D623A240A77A40019FD40 /* LoginRegisterRepository.swift */ = {isa = PBXFileReference; lastKnownFileType = sourcecode.swift; path = LoginRegisterRepository.swift; sourceTree = "<group>"; };
		D10D623C240A78A00019FD40 /* LoginRegisterImpl.swift */ = {isa = PBXFileReference; lastKnownFileType = sourcecode.swift; path = LoginRegisterImpl.swift; sourceTree = "<group>"; };
		D10D6240240AB3010019FD40 /* RegisterRouter.swift */ = {isa = PBXFileReference; lastKnownFileType = sourcecode.swift; path = RegisterRouter.swift; sourceTree = "<group>"; };
		D10D6242240AB3110019FD40 /* RegisterViewModel.swift */ = {isa = PBXFileReference; lastKnownFileType = sourcecode.swift; path = RegisterViewModel.swift; sourceTree = "<group>"; };
		D10D6248240D0B0D0019FD40 /* RegisterViewController.swift */ = {isa = PBXFileReference; lastKnownFileType = sourcecode.swift; path = RegisterViewController.swift; sourceTree = "<group>"; };
		D10D6249240D0B0D0019FD40 /* RegisterViewController.xib */ = {isa = PBXFileReference; lastKnownFileType = file.xib; path = RegisterViewController.xib; sourceTree = "<group>"; };
		D10D624C240D20CC0019FD40 /* proyectoFinaliOS.entitlements */ = {isa = PBXFileReference; lastKnownFileType = text.plist.entitlements; path = proyectoFinaliOS.entitlements; sourceTree = "<group>"; };
		D10D624E24139CA10019FD40 /* LoginRouter.swift */ = {isa = PBXFileReference; lastKnownFileType = sourcecode.swift; path = LoginRouter.swift; sourceTree = "<group>"; };
		D10D625024139CB20019FD40 /* LoginViewModel.swift */ = {isa = PBXFileReference; lastKnownFileType = sourcecode.swift; path = LoginViewModel.swift; sourceTree = "<group>"; };
		D10D625224139CC50019FD40 /* LoginViewController.swift */ = {isa = PBXFileReference; lastKnownFileType = sourcecode.swift; path = LoginViewController.swift; sourceTree = "<group>"; };
		D10D625324139CC50019FD40 /* LoginViewController.xib */ = {isa = PBXFileReference; lastKnownFileType = file.xib; path = LoginViewController.xib; sourceTree = "<group>"; };
		D10D625624139F890019FD40 /* LoginResponse.swift */ = {isa = PBXFileReference; lastKnownFileType = sourcecode.swift; path = LoginResponse.swift; sourceTree = "<group>"; };
		D10D62582413A3E60019FD40 /* LoginUserRequest.swift */ = {isa = PBXFileReference; lastKnownFileType = sourcecode.swift; path = LoginUserRequest.swift; sourceTree = "<group>"; };
		D10D625A2416D4130019FD40 /* ForgotPasswordResponse.swift */ = {isa = PBXFileReference; lastKnownFileType = sourcecode.swift; path = ForgotPasswordResponse.swift; sourceTree = "<group>"; };
		D10D625C2416D4A70019FD40 /* ForgotPasswordRequest.swift */ = {isa = PBXFileReference; lastKnownFileType = sourcecode.swift; path = ForgotPasswordRequest.swift; sourceTree = "<group>"; };
		D10D625E2417923A0019FD40 /* DetailUserResponse.swift */ = {isa = PBXFileReference; lastKnownFileType = sourcecode.swift; path = DetailUserResponse.swift; sourceTree = "<group>"; };
		D10D6260241793340019FD40 /* DetailUserRequest.swift */ = {isa = PBXFileReference; lastKnownFileType = sourcecode.swift; path = DetailUserRequest.swift; sourceTree = "<group>"; };
		D1163689241796B100071052 /* privateMessageListResponse.swift */ = {isa = PBXFileReference; lastKnownFileType = sourcecode.swift; path = privateMessageListResponse.swift; sourceTree = "<group>"; };
		D116368B2417984400071052 /* privateMessageListRequest.swift */ = {isa = PBXFileReference; lastKnownFileType = sourcecode.swift; path = privateMessageListRequest.swift; sourceTree = "<group>"; };
		D116368E24179B6500071052 /* DetailUserRouter.swift */ = {isa = PBXFileReference; lastKnownFileType = sourcecode.swift; path = DetailUserRouter.swift; sourceTree = "<group>"; };
		D116369024179B7B00071052 /* DetailUserViewModel.swift */ = {isa = PBXFileReference; lastKnownFileType = sourcecode.swift; path = DetailUserViewModel.swift; sourceTree = "<group>"; };
		D116369224179B8C00071052 /* DetailUserViewController.swift */ = {isa = PBXFileReference; lastKnownFileType = sourcecode.swift; path = DetailUserViewController.swift; sourceTree = "<group>"; };
		D116369324179B8C00071052 /* DetailUserViewController.xib */ = {isa = PBXFileReference; lastKnownFileType = file.xib; path = DetailUserViewController.xib; sourceTree = "<group>"; };
		D117B3ED2405361B00A6B383 /* proyectoFinaliOS.app */ = {isa = PBXFileReference; explicitFileType = wrapper.application; includeInIndex = 0; path = proyectoFinaliOS.app; sourceTree = BUILT_PRODUCTS_DIR; };
		D117B3F02405361B00A6B383 /* AppDelegate.swift */ = {isa = PBXFileReference; lastKnownFileType = sourcecode.swift; path = AppDelegate.swift; sourceTree = "<group>"; };
		D117B3F52405361B00A6B383 /* proyectoFinaliOS.xcdatamodel */ = {isa = PBXFileReference; lastKnownFileType = wrapper.xcdatamodel; path = proyectoFinaliOS.xcdatamodel; sourceTree = "<group>"; };
		D117B3F92405361C00A6B383 /* Assets.xcassets */ = {isa = PBXFileReference; lastKnownFileType = folder.assetcatalog; path = Assets.xcassets; sourceTree = "<group>"; };
		D117B3FF2405361C00A6B383 /* Base */ = {isa = PBXFileReference; lastKnownFileType = file.storyboard; name = Base; path = Base.lproj/LaunchScreen.storyboard; sourceTree = "<group>"; };
		D117B4012405361C00A6B383 /* Info.plist */ = {isa = PBXFileReference; lastKnownFileType = text.plist.xml; path = Info.plist; sourceTree = "<group>"; };
		D117B4062405361C00A6B383 /* proyectoFinaliOSTests.xctest */ = {isa = PBXFileReference; explicitFileType = wrapper.cfbundle; includeInIndex = 0; path = proyectoFinaliOSTests.xctest; sourceTree = BUILT_PRODUCTS_DIR; };
		D117B40A2405361C00A6B383 /* proyectoFinaliOSTests.swift */ = {isa = PBXFileReference; lastKnownFileType = sourcecode.swift; path = proyectoFinaliOSTests.swift; sourceTree = "<group>"; };
		D117B40C2405361C00A6B383 /* Info.plist */ = {isa = PBXFileReference; lastKnownFileType = text.plist.xml; path = Info.plist; sourceTree = "<group>"; };
/* End PBXFileReference section */

/* Begin PBXFrameworksBuildPhase section */
		D117B3EA2405361B00A6B383 /* Frameworks */ = {
			isa = PBXFrameworksBuildPhase;
			buildActionMask = 2147483647;
			files = (
				08FC4A20FE410A0D89DB1D19 /* Pods_proyectoFinaliOS.framework in Frameworks */,
			);
			runOnlyForDeploymentPostprocessing = 0;
		};
		D117B4032405361C00A6B383 /* Frameworks */ = {
			isa = PBXFrameworksBuildPhase;
			buildActionMask = 2147483647;
			files = (
				69AC9A7EFD0B6AEF959FB98B /* Pods_proyectoFinaliOSTests.framework in Frameworks */,
			);
			runOnlyForDeploymentPostprocessing = 0;
		};
/* End PBXFrameworksBuildPhase section */

/* Begin PBXGroup section */
		832E4C99E779E0AB027AD974 /* Pods */ = {
			isa = PBXGroup;
			children = (
				0D18E6A0C621F27B7FDAADF5 /* Pods-proyectoFinaliOS.debug.xcconfig */,
				089B04DB20C30087CAA74162 /* Pods-proyectoFinaliOS.release.xcconfig */,
				74001A17119999B5C09162D6 /* Pods-proyectoFinaliOSTests.debug.xcconfig */,
				0C14299C8F62E64ECB236134 /* Pods-proyectoFinaliOSTests.release.xcconfig */,
			);
			path = Pods;
			sourceTree = "<group>";
		};
		D10D623E240A7F9F0019FD40 /* Login */ = {
			isa = PBXGroup;
			children = (
				D10D624E24139CA10019FD40 /* LoginRouter.swift */,
				D10D625024139CB20019FD40 /* LoginViewModel.swift */,
				D10D625224139CC50019FD40 /* LoginViewController.swift */,
				D10D625324139CC50019FD40 /* LoginViewController.xib */,
			);
			path = Login;
			sourceTree = "<group>";
		};
		D10D623F240A7FA60019FD40 /* Register */ = {
			isa = PBXGroup;
			children = (
				D10D6240240AB3010019FD40 /* RegisterRouter.swift */,
				D10D6242240AB3110019FD40 /* RegisterViewModel.swift */,
				D10D6248240D0B0D0019FD40 /* RegisterViewController.swift */,
				D10D6249240D0B0D0019FD40 /* RegisterViewController.xib */,
			);
			path = Register;
			sourceTree = "<group>";
		};
		D116368D24179B5300071052 /* DetailUser */ = {
			isa = PBXGroup;
			children = (
				D116368E24179B6500071052 /* DetailUserRouter.swift */,
				D116369024179B7B00071052 /* DetailUserViewModel.swift */,
				D116369224179B8C00071052 /* DetailUserViewController.swift */,
				D116369324179B8C00071052 /* DetailUserViewController.xib */,
			);
			path = DetailUser;
			sourceTree = "<group>";
		};
		D117B3E42405361B00A6B383 = {
			isa = PBXGroup;
			children = (
				D117B3EF2405361B00A6B383 /* proyectoFinaliOS */,
				D117B4092405361C00A6B383 /* proyectoFinaliOSTests */,
				D117B3EE2405361B00A6B383 /* Products */,
				832E4C99E779E0AB027AD974 /* Pods */,
				EBEE920A41ADF0017AF94F81 /* Frameworks */,
			);
			sourceTree = "<group>";
		};
		D117B3EE2405361B00A6B383 /* Products */ = {
			isa = PBXGroup;
			children = (
				D117B3ED2405361B00A6B383 /* proyectoFinaliOS.app */,
				D117B4062405361C00A6B383 /* proyectoFinaliOSTests.xctest */,
			);
			name = Products;
			sourceTree = "<group>";
		};
		D117B3EF2405361B00A6B383 /* proyectoFinaliOS */ = {
			isa = PBXGroup;
			children = (
				D10D624C240D20CC0019FD40 /* proyectoFinaliOS.entitlements */,
				D1A1ACE7240676B900A2F91F /* Commons */,
				D1A1ACE8240676C600A2F91F /* Models */,
				D1A1ACEC2406770400A2F91F /* Sources */,
				D1A1ACF12406776B00A2F91F /* Resources */,
				D1A1ACF42406779400A2F91F /* SupportingFiles */,
				D117B4012405361C00A6B383 /* Info.plist */,
			);
			path = proyectoFinaliOS;
			sourceTree = "<group>";
		};
		D117B4092405361C00A6B383 /* proyectoFinaliOSTests */ = {
			isa = PBXGroup;
			children = (
				D117B40A2405361C00A6B383 /* proyectoFinaliOSTests.swift */,
				D117B40C2405361C00A6B383 /* Info.plist */,
			);
			path = proyectoFinaliOSTests;
			sourceTree = "<group>";
		};
		D1A1ACE7240676B900A2F91F /* Commons */ = {
			isa = PBXGroup;
			children = (
				D10D6223240A61DD0019FD40 /* AlertViewPresenter.swift */,
				D10D6222240A61DD0019FD40 /* CheckInternetStatus.swift */,
				D10D621E240A61DC0019FD40 /* CustomView.swift */,
				D10D621F240A61DC0019FD40 /* DateExtensions.swift */,
				D10D621D240A61DC0019FD40 /* GlobalsVariables.swift */,
				D10D6224240A61DD0019FD40 /* imageExtensions.swift */,
				D10D621C240A61DC0019FD40 /* StringExtensions.swift */,
				D10D6221240A61DD0019FD40 /* UiColorExtensions.swift */,
				D10D6220240A61DC0019FD40 /* UITableViewCellExten.swift */,
			);
			path = Commons;
			sourceTree = "<group>";
		};
		D1A1ACE8240676C600A2F91F /* Models */ = {
			isa = PBXGroup;
			children = (
				D1A1ACE9240676D400A2F91F /* Local */,
				D1A1ACEA240676DB00A2F91F /* Responses */,
				D10D6230240A66B60019FD40 /* NewUserRequest.swift */,
				D10D62582413A3E60019FD40 /* LoginUserRequest.swift */,
				D10D625C2416D4A70019FD40 /* ForgotPasswordRequest.swift */,
				D10D6260241793340019FD40 /* DetailUserRequest.swift */,
				D116368B2417984400071052 /* privateMessageListRequest.swift */,
			);
			path = Models;
			sourceTree = "<group>";
		};
		D1A1ACE9240676D400A2F91F /* Local */ = {
			isa = PBXGroup;
			children = (
				D1A1ACEB240676EA00A2F91F /* UserDefaults */,
				D117B3F42405361B00A6B383 /* proyectoFinaliOS.xcdatamodeld */,
			);
			path = Local;
			sourceTree = "<group>";
		};
		D1A1ACEA240676DB00A2F91F /* Responses */ = {
			isa = PBXGroup;
			children = (
				D10D6238240A73FE0019FD40 /* ApiErrorResponse.swift */,
				D10D6232240A671B0019FD40 /* NewUserResponse.swift */,
				D10D625624139F890019FD40 /* LoginResponse.swift */,
				D10D625A2416D4130019FD40 /* ForgotPasswordResponse.swift */,
				D10D625E2417923A0019FD40 /* DetailUserResponse.swift */,
				D1163689241796B100071052 /* privateMessageListResponse.swift */,
			);
			path = Responses;
			sourceTree = "<group>";
		};
		D1A1ACEB240676EA00A2F91F /* UserDefaults */ = {
			isa = PBXGroup;
			children = (
			);
			path = UserDefaults;
			sourceTree = "<group>";
		};
		D1A1ACEC2406770400A2F91F /* Sources */ = {
			isa = PBXGroup;
			children = (
				D1A1ACED2406770C00A2F91F /* Data */,
				D1A1ACF02406773200A2F91F /* Views */,
			);
			path = Sources;
			sourceTree = "<group>";
		};
		D1A1ACED2406770C00A2F91F /* Data */ = {
			isa = PBXGroup;
			children = (
				D1A1ACEF2406772700A2F91F /* Remote */,
				D1A1ACEE2406771B00A2F91F /* Repositories */,
			);
			path = Data;
			sourceTree = "<group>";
		};
		D1A1ACEE2406771B00A2F91F /* Repositories */ = {
			isa = PBXGroup;
			children = (
				D10D623A240A77A40019FD40 /* LoginRegisterRepository.swift */,
				D10D623C240A78A00019FD40 /* LoginRegisterImpl.swift */,
			);
			path = Repositories;
			sourceTree = "<group>";
		};
		D1A1ACEF2406772700A2F91F /* Remote */ = {
			isa = PBXGroup;
			children = (
				D10D6234240A69B60019FD40 /* APIRequest.swift */,
				D10D6236240A73BB0019FD40 /* APIClient.swift */,
			);
			path = Remote;
			sourceTree = "<group>";
		};
		D1A1ACF02406773200A2F91F /* Views */ = {
			isa = PBXGroup;
			children = (
				D116368D24179B5300071052 /* DetailUser */,
				D10D623F240A7FA60019FD40 /* Register */,
				D10D623E240A7F9F0019FD40 /* Login */,
			);
			path = Views;
			sourceTree = "<group>";
		};
		D1A1ACF12406776B00A2F91F /* Resources */ = {
			isa = PBXGroup;
			children = (
				D1A1ACF32406777F00A2F91F /* ArtWork */,
				D1A1ACF22406777500A2F91F /* Fonts */,
			);
			path = Resources;
			sourceTree = "<group>";
		};
		D1A1ACF22406777500A2F91F /* Fonts */ = {
			isa = PBXGroup;
			children = (
			);
			path = Fonts;
			sourceTree = "<group>";
		};
		D1A1ACF32406777F00A2F91F /* ArtWork */ = {
			isa = PBXGroup;
			children = (
				D117B3F92405361C00A6B383 /* Assets.xcassets */,
			);
			path = ArtWork;
			sourceTree = "<group>";
		};
		D1A1ACF42406779400A2F91F /* SupportingFiles */ = {
			isa = PBXGroup;
			children = (
				D1A1ACF52406779E00A2F91F /* AppInit */,
			);
			path = SupportingFiles;
			sourceTree = "<group>";
		};
		D1A1ACF52406779E00A2F91F /* AppInit */ = {
			isa = PBXGroup;
			children = (
				D117B3F02405361B00A6B383 /* AppDelegate.swift */,
				D117B3FE2405361C00A6B383 /* LaunchScreen.storyboard */,
			);
			path = AppInit;
			sourceTree = "<group>";
		};
		EBEE920A41ADF0017AF94F81 /* Frameworks */ = {
			isa = PBXGroup;
			children = (
				880A44B30A836F3775A7856C /* Pods_proyectoFinaliOS.framework */,
				4EDAB9B09208F5CAD0992E2F /* Pods_proyectoFinaliOSTests.framework */,
			);
			name = Frameworks;
			sourceTree = "<group>";
		};
/* End PBXGroup section */

/* Begin PBXNativeTarget section */
		D117B3EC2405361B00A6B383 /* proyectoFinaliOS */ = {
			isa = PBXNativeTarget;
			buildConfigurationList = D117B40F2405361C00A6B383 /* Build configuration list for PBXNativeTarget "proyectoFinaliOS" */;
			buildPhases = (
				343491FBF48A741AF1142096 /* [CP] Check Pods Manifest.lock */,
				D117B3E92405361B00A6B383 /* Sources */,
				D117B3EA2405361B00A6B383 /* Frameworks */,
				D117B3EB2405361B00A6B383 /* Resources */,
			);
			buildRules = (
			);
			dependencies = (
			);
			name = proyectoFinaliOS;
			productName = proyectoFinaliOS;
			productReference = D117B3ED2405361B00A6B383 /* proyectoFinaliOS.app */;
			productType = "com.apple.product-type.application";
		};
		D117B4052405361C00A6B383 /* proyectoFinaliOSTests */ = {
			isa = PBXNativeTarget;
			buildConfigurationList = D117B4122405361C00A6B383 /* Build configuration list for PBXNativeTarget "proyectoFinaliOSTests" */;
			buildPhases = (
				C04A872D02DEFC56C416CDC1 /* [CP] Check Pods Manifest.lock */,
				D117B4022405361C00A6B383 /* Sources */,
				D117B4032405361C00A6B383 /* Frameworks */,
				D117B4042405361C00A6B383 /* Resources */,
			);
			buildRules = (
			);
			dependencies = (
				D117B4082405361C00A6B383 /* PBXTargetDependency */,
			);
			name = proyectoFinaliOSTests;
			productName = proyectoFinaliOSTests;
			productReference = D117B4062405361C00A6B383 /* proyectoFinaliOSTests.xctest */;
			productType = "com.apple.product-type.bundle.unit-test";
		};
/* End PBXNativeTarget section */

/* Begin PBXProject section */
		D117B3E52405361B00A6B383 /* Project object */ = {
			isa = PBXProject;
			attributes = {
				LastSwiftUpdateCheck = 1130;
				LastUpgradeCheck = 1130;
				ORGANIZATIONNAME = "Pere Josep Ferrer Ventura";
				TargetAttributes = {
					D117B3EC2405361B00A6B383 = {
						CreatedOnToolsVersion = 11.3.1;
					};
					D117B4052405361C00A6B383 = {
						CreatedOnToolsVersion = 11.3.1;
						TestTargetID = D117B3EC2405361B00A6B383;
					};
				};
			};
			buildConfigurationList = D117B3E82405361B00A6B383 /* Build configuration list for PBXProject "proyectoFinaliOS" */;
			compatibilityVersion = "Xcode 9.3";
			developmentRegion = en;
			hasScannedForEncodings = 0;
			knownRegions = (
				en,
				Base,
			);
			mainGroup = D117B3E42405361B00A6B383;
			productRefGroup = D117B3EE2405361B00A6B383 /* Products */;
			projectDirPath = "";
			projectRoot = "";
			targets = (
				D117B3EC2405361B00A6B383 /* proyectoFinaliOS */,
				D117B4052405361C00A6B383 /* proyectoFinaliOSTests */,
			);
		};
/* End PBXProject section */

/* Begin PBXResourcesBuildPhase section */
		D117B3EB2405361B00A6B383 /* Resources */ = {
			isa = PBXResourcesBuildPhase;
			buildActionMask = 2147483647;
			files = (
				D10D625524139CC50019FD40 /* LoginViewController.xib in Resources */,
				D117B4002405361C00A6B383 /* LaunchScreen.storyboard in Resources */,
				D116369524179B8C00071052 /* DetailUserViewController.xib in Resources */,
				D117B3FA2405361C00A6B383 /* Assets.xcassets in Resources */,
				D10D624B240D0B0D0019FD40 /* RegisterViewController.xib in Resources */,
			);
			runOnlyForDeploymentPostprocessing = 0;
		};
		D117B4042405361C00A6B383 /* Resources */ = {
			isa = PBXResourcesBuildPhase;
			buildActionMask = 2147483647;
			files = (
			);
			runOnlyForDeploymentPostprocessing = 0;
		};
/* End PBXResourcesBuildPhase section */

/* Begin PBXShellScriptBuildPhase section */
		343491FBF48A741AF1142096 /* [CP] Check Pods Manifest.lock */ = {
			isa = PBXShellScriptBuildPhase;
			buildActionMask = 2147483647;
			files = (
			);
			inputFileListPaths = (
			);
			inputPaths = (
				"${PODS_PODFILE_DIR_PATH}/Podfile.lock",
				"${PODS_ROOT}/Manifest.lock",
			);
			name = "[CP] Check Pods Manifest.lock";
			outputFileListPaths = (
			);
			outputPaths = (
				"$(DERIVED_FILE_DIR)/Pods-proyectoFinaliOS-checkManifestLockResult.txt",
			);
			runOnlyForDeploymentPostprocessing = 0;
			shellPath = /bin/sh;
			shellScript = "diff \"${PODS_PODFILE_DIR_PATH}/Podfile.lock\" \"${PODS_ROOT}/Manifest.lock\" > /dev/null\nif [ $? != 0 ] ; then\n    # print error to STDERR\n    echo \"error: The sandbox is not in sync with the Podfile.lock. Run 'pod install' or update your CocoaPods installation.\" >&2\n    exit 1\nfi\n# This output is used by Xcode 'outputs' to avoid re-running this script phase.\necho \"SUCCESS\" > \"${SCRIPT_OUTPUT_FILE_0}\"\n";
			showEnvVarsInLog = 0;
		};
		C04A872D02DEFC56C416CDC1 /* [CP] Check Pods Manifest.lock */ = {
			isa = PBXShellScriptBuildPhase;
			buildActionMask = 2147483647;
			files = (
			);
			inputFileListPaths = (
			);
			inputPaths = (
				"${PODS_PODFILE_DIR_PATH}/Podfile.lock",
				"${PODS_ROOT}/Manifest.lock",
			);
			name = "[CP] Check Pods Manifest.lock";
			outputFileListPaths = (
			);
			outputPaths = (
				"$(DERIVED_FILE_DIR)/Pods-proyectoFinaliOSTests-checkManifestLockResult.txt",
			);
			runOnlyForDeploymentPostprocessing = 0;
			shellPath = /bin/sh;
			shellScript = "diff \"${PODS_PODFILE_DIR_PATH}/Podfile.lock\" \"${PODS_ROOT}/Manifest.lock\" > /dev/null\nif [ $? != 0 ] ; then\n    # print error to STDERR\n    echo \"error: The sandbox is not in sync with the Podfile.lock. Run 'pod install' or update your CocoaPods installation.\" >&2\n    exit 1\nfi\n# This output is used by Xcode 'outputs' to avoid re-running this script phase.\necho \"SUCCESS\" > \"${SCRIPT_OUTPUT_FILE_0}\"\n";
			showEnvVarsInLog = 0;
		};
/* End PBXShellScriptBuildPhase section */

/* Begin PBXSourcesBuildPhase section */
		D117B3E92405361B00A6B383 /* Sources */ = {
			isa = PBXSourcesBuildPhase;
			buildActionMask = 2147483647;
			files = (
				D10D625124139CB20019FD40 /* LoginViewModel.swift in Sources */,
				D10D622C240A61DD0019FD40 /* AlertViewPresenter.swift in Sources */,
				D10D6231240A66B60019FD40 /* NewUserRequest.swift in Sources */,
				D10D6233240A671B0019FD40 /* NewUserResponse.swift in Sources */,
				D10D623B240A77A40019FD40 /* LoginRegisterRepository.swift in Sources */,
				D10D6227240A61DD0019FD40 /* CustomView.swift in Sources */,
				D10D6239240A73FE0019FD40 /* ApiErrorResponse.swift in Sources */,
				D116368F24179B6500071052 /* DetailUserRouter.swift in Sources */,
				D10D6261241793340019FD40 /* DetailUserRequest.swift in Sources */,
				D10D622D240A61DD0019FD40 /* imageExtensions.swift in Sources */,
				D10D625B2416D4130019FD40 /* ForgotPasswordResponse.swift in Sources */,
				D10D6229240A61DD0019FD40 /* UITableViewCellExten.swift in Sources */,
				D10D624F24139CA10019FD40 /* LoginRouter.swift in Sources */,
				D10D625D2416D4A70019FD40 /* ForgotPasswordRequest.swift in Sources */,
				D10D62592413A3E60019FD40 /* LoginUserRequest.swift in Sources */,
				D10D6225240A61DD0019FD40 /* StringExtensions.swift in Sources */,
				D10D624A240D0B0D0019FD40 /* RegisterViewController.swift in Sources */,
				D10D625424139CC50019FD40 /* LoginViewController.swift in Sources */,
				D117B3F12405361B00A6B383 /* AppDelegate.swift in Sources */,
				D10D625F2417923A0019FD40 /* DetailUserResponse.swift in Sources */,
				D10D625724139F890019FD40 /* LoginResponse.swift in Sources */,
				D10D6237240A73BB0019FD40 /* APIClient.swift in Sources */,
				D10D6243240AB3110019FD40 /* RegisterViewModel.swift in Sources */,
				D10D6235240A69B60019FD40 /* APIRequest.swift in Sources */,
				D116369124179B7B00071052 /* DetailUserViewModel.swift in Sources */,
				D10D6226240A61DD0019FD40 /* GlobalsVariables.swift in Sources */,
				D116369424179B8C00071052 /* DetailUserViewController.swift in Sources */,
				D117B3F62405361B00A6B383 /* proyectoFinaliOS.xcdatamodeld in Sources */,
				D116368A241796B100071052 /* privateMessageListResponse.swift in Sources */,
				D10D6228240A61DD0019FD40 /* DateExtensions.swift in Sources */,
				D10D6241240AB3010019FD40 /* RegisterRouter.swift in Sources */,
				D10D622A240A61DD0019FD40 /* UiColorExtensions.swift in Sources */,
				D10D623D240A78A00019FD40 /* LoginRegisterImpl.swift in Sources */,
				D10D622B240A61DD0019FD40 /* CheckInternetStatus.swift in Sources */,
				D116368C2417984400071052 /* privateMessageListRequest.swift in Sources */,
			);
			runOnlyForDeploymentPostprocessing = 0;
		};
		D117B4022405361C00A6B383 /* Sources */ = {
			isa = PBXSourcesBuildPhase;
			buildActionMask = 2147483647;
			files = (
				D117B40B2405361C00A6B383 /* proyectoFinaliOSTests.swift in Sources */,
			);
			runOnlyForDeploymentPostprocessing = 0;
		};
/* End PBXSourcesBuildPhase section */

/* Begin PBXTargetDependency section */
		D117B4082405361C00A6B383 /* PBXTargetDependency */ = {
			isa = PBXTargetDependency;
			target = D117B3EC2405361B00A6B383 /* proyectoFinaliOS */;
			targetProxy = D117B4072405361C00A6B383 /* PBXContainerItemProxy */;
		};
/* End PBXTargetDependency section */

/* Begin PBXVariantGroup section */
		D117B3FE2405361C00A6B383 /* LaunchScreen.storyboard */ = {
			isa = PBXVariantGroup;
			children = (
				D117B3FF2405361C00A6B383 /* Base */,
			);
			name = LaunchScreen.storyboard;
			sourceTree = "<group>";
		};
/* End PBXVariantGroup section */

/* Begin XCBuildConfiguration section */
		D117B40D2405361C00A6B383 /* Debug */ = {
			isa = XCBuildConfiguration;
			buildSettings = {
				ALWAYS_SEARCH_USER_PATHS = NO;
				CLANG_ANALYZER_NONNULL = YES;
				CLANG_ANALYZER_NUMBER_OBJECT_CONVERSION = YES_AGGRESSIVE;
				CLANG_CXX_LANGUAGE_STANDARD = "gnu++14";
				CLANG_CXX_LIBRARY = "libc++";
				CLANG_ENABLE_MODULES = YES;
				CLANG_ENABLE_OBJC_ARC = YES;
				CLANG_ENABLE_OBJC_WEAK = YES;
				CLANG_WARN_BLOCK_CAPTURE_AUTORELEASING = YES;
				CLANG_WARN_BOOL_CONVERSION = YES;
				CLANG_WARN_COMMA = YES;
				CLANG_WARN_CONSTANT_CONVERSION = YES;
				CLANG_WARN_DEPRECATED_OBJC_IMPLEMENTATIONS = YES;
				CLANG_WARN_DIRECT_OBJC_ISA_USAGE = YES_ERROR;
				CLANG_WARN_DOCUMENTATION_COMMENTS = YES;
				CLANG_WARN_EMPTY_BODY = YES;
				CLANG_WARN_ENUM_CONVERSION = YES;
				CLANG_WARN_INFINITE_RECURSION = YES;
				CLANG_WARN_INT_CONVERSION = YES;
				CLANG_WARN_NON_LITERAL_NULL_CONVERSION = YES;
				CLANG_WARN_OBJC_IMPLICIT_RETAIN_SELF = YES;
				CLANG_WARN_OBJC_LITERAL_CONVERSION = YES;
				CLANG_WARN_OBJC_ROOT_CLASS = YES_ERROR;
				CLANG_WARN_RANGE_LOOP_ANALYSIS = YES;
				CLANG_WARN_STRICT_PROTOTYPES = YES;
				CLANG_WARN_SUSPICIOUS_MOVE = YES;
				CLANG_WARN_UNGUARDED_AVAILABILITY = YES_AGGRESSIVE;
				CLANG_WARN_UNREACHABLE_CODE = YES;
				CLANG_WARN__DUPLICATE_METHOD_MATCH = YES;
				COPY_PHASE_STRIP = NO;
				DEBUG_INFORMATION_FORMAT = dwarf;
				ENABLE_STRICT_OBJC_MSGSEND = YES;
				ENABLE_TESTABILITY = YES;
				GCC_C_LANGUAGE_STANDARD = gnu11;
				GCC_DYNAMIC_NO_PIC = NO;
				GCC_NO_COMMON_BLOCKS = YES;
				GCC_OPTIMIZATION_LEVEL = 0;
				GCC_PREPROCESSOR_DEFINITIONS = (
					"DEBUG=1",
					"$(inherited)",
				);
				GCC_WARN_64_TO_32_BIT_CONVERSION = YES;
				GCC_WARN_ABOUT_RETURN_TYPE = YES_ERROR;
				GCC_WARN_UNDECLARED_SELECTOR = YES;
				GCC_WARN_UNINITIALIZED_AUTOS = YES_AGGRESSIVE;
				GCC_WARN_UNUSED_FUNCTION = YES;
				GCC_WARN_UNUSED_VARIABLE = YES;
				IPHONEOS_DEPLOYMENT_TARGET = 13.2;
				MTL_ENABLE_DEBUG_INFO = INCLUDE_SOURCE;
				MTL_FAST_MATH = YES;
				ONLY_ACTIVE_ARCH = YES;
				SDKROOT = iphoneos;
				SWIFT_ACTIVE_COMPILATION_CONDITIONS = DEBUG;
				SWIFT_OPTIMIZATION_LEVEL = "-Onone";
			};
			name = Debug;
		};
		D117B40E2405361C00A6B383 /* Release */ = {
			isa = XCBuildConfiguration;
			buildSettings = {
				ALWAYS_SEARCH_USER_PATHS = NO;
				CLANG_ANALYZER_NONNULL = YES;
				CLANG_ANALYZER_NUMBER_OBJECT_CONVERSION = YES_AGGRESSIVE;
				CLANG_CXX_LANGUAGE_STANDARD = "gnu++14";
				CLANG_CXX_LIBRARY = "libc++";
				CLANG_ENABLE_MODULES = YES;
				CLANG_ENABLE_OBJC_ARC = YES;
				CLANG_ENABLE_OBJC_WEAK = YES;
				CLANG_WARN_BLOCK_CAPTURE_AUTORELEASING = YES;
				CLANG_WARN_BOOL_CONVERSION = YES;
				CLANG_WARN_COMMA = YES;
				CLANG_WARN_CONSTANT_CONVERSION = YES;
				CLANG_WARN_DEPRECATED_OBJC_IMPLEMENTATIONS = YES;
				CLANG_WARN_DIRECT_OBJC_ISA_USAGE = YES_ERROR;
				CLANG_WARN_DOCUMENTATION_COMMENTS = YES;
				CLANG_WARN_EMPTY_BODY = YES;
				CLANG_WARN_ENUM_CONVERSION = YES;
				CLANG_WARN_INFINITE_RECURSION = YES;
				CLANG_WARN_INT_CONVERSION = YES;
				CLANG_WARN_NON_LITERAL_NULL_CONVERSION = YES;
				CLANG_WARN_OBJC_IMPLICIT_RETAIN_SELF = YES;
				CLANG_WARN_OBJC_LITERAL_CONVERSION = YES;
				CLANG_WARN_OBJC_ROOT_CLASS = YES_ERROR;
				CLANG_WARN_RANGE_LOOP_ANALYSIS = YES;
				CLANG_WARN_STRICT_PROTOTYPES = YES;
				CLANG_WARN_SUSPICIOUS_MOVE = YES;
				CLANG_WARN_UNGUARDED_AVAILABILITY = YES_AGGRESSIVE;
				CLANG_WARN_UNREACHABLE_CODE = YES;
				CLANG_WARN__DUPLICATE_METHOD_MATCH = YES;
				COPY_PHASE_STRIP = NO;
				DEBUG_INFORMATION_FORMAT = "dwarf-with-dsym";
				ENABLE_NS_ASSERTIONS = NO;
				ENABLE_STRICT_OBJC_MSGSEND = YES;
				GCC_C_LANGUAGE_STANDARD = gnu11;
				GCC_NO_COMMON_BLOCKS = YES;
				GCC_WARN_64_TO_32_BIT_CONVERSION = YES;
				GCC_WARN_ABOUT_RETURN_TYPE = YES_ERROR;
				GCC_WARN_UNDECLARED_SELECTOR = YES;
				GCC_WARN_UNINITIALIZED_AUTOS = YES_AGGRESSIVE;
				GCC_WARN_UNUSED_FUNCTION = YES;
				GCC_WARN_UNUSED_VARIABLE = YES;
				IPHONEOS_DEPLOYMENT_TARGET = 13.2;
				MTL_ENABLE_DEBUG_INFO = NO;
				MTL_FAST_MATH = YES;
				SDKROOT = iphoneos;
				SWIFT_COMPILATION_MODE = wholemodule;
				SWIFT_OPTIMIZATION_LEVEL = "-O";
				VALIDATE_PRODUCT = YES;
			};
			name = Release;
		};
		D117B4102405361C00A6B383 /* Debug */ = {
			isa = XCBuildConfiguration;
			baseConfigurationReference = 0D18E6A0C621F27B7FDAADF5 /* Pods-proyectoFinaliOS.debug.xcconfig */;
			buildSettings = {
				ASSETCATALOG_COMPILER_APPICON_NAME = AppIcon;
				CODE_SIGN_ENTITLEMENTS = proyectoFinaliOS/proyectoFinaliOS.entitlements;
				CODE_SIGN_STYLE = Automatic;
				DEVELOPMENT_ASSET_PATHS = "";
				DEVELOPMENT_TEAM = 4TZ9BPM5KV;
				ENABLE_PREVIEWS = YES;
				INFOPLIST_FILE = proyectoFinaliOS/Info.plist;
				LD_RUNPATH_SEARCH_PATHS = (
					"$(inherited)",
					"@executable_path/Frameworks",
				);
				PRODUCT_BUNDLE_IDENTIFIER = proyectoFinaliOS.ventrua.ferrer.josep.pere.proyectoFinaliOS;
				PRODUCT_NAME = "$(TARGET_NAME)";
				SWIFT_VERSION = 5.0;
				TARGETED_DEVICE_FAMILY = "1,2";
			};
			name = Debug;
		};
		D117B4112405361C00A6B383 /* Release */ = {
			isa = XCBuildConfiguration;
			baseConfigurationReference = 089B04DB20C30087CAA74162 /* Pods-proyectoFinaliOS.release.xcconfig */;
			buildSettings = {
				ASSETCATALOG_COMPILER_APPICON_NAME = AppIcon;
				CODE_SIGN_ENTITLEMENTS = proyectoFinaliOS/proyectoFinaliOS.entitlements;
				CODE_SIGN_STYLE = Automatic;
				DEVELOPMENT_ASSET_PATHS = "";
				DEVELOPMENT_TEAM = 4TZ9BPM5KV;
				ENABLE_PREVIEWS = YES;
				INFOPLIST_FILE = proyectoFinaliOS/Info.plist;
				LD_RUNPATH_SEARCH_PATHS = (
					"$(inherited)",
					"@executable_path/Frameworks",
				);
				PRODUCT_BUNDLE_IDENTIFIER = proyectoFinaliOS.ventrua.ferrer.josep.pere.proyectoFinaliOS;
				PRODUCT_NAME = "$(TARGET_NAME)";
				SWIFT_VERSION = 5.0;
				TARGETED_DEVICE_FAMILY = "1,2";
			};
			name = Release;
		};
		D117B4132405361C00A6B383 /* Debug */ = {
			isa = XCBuildConfiguration;
			baseConfigurationReference = 74001A17119999B5C09162D6 /* Pods-proyectoFinaliOSTests.debug.xcconfig */;
			buildSettings = {
				ALWAYS_EMBED_SWIFT_STANDARD_LIBRARIES = YES;
				BUNDLE_LOADER = "$(TEST_HOST)";
				CODE_SIGN_STYLE = Automatic;
				DEVELOPMENT_TEAM = 4TZ9BPM5KV;
				INFOPLIST_FILE = proyectoFinaliOSTests/Info.plist;
				IPHONEOS_DEPLOYMENT_TARGET = 13.2;
				LD_RUNPATH_SEARCH_PATHS = (
					"$(inherited)",
					"@executable_path/Frameworks",
					"@loader_path/Frameworks",
				);
				PRODUCT_BUNDLE_IDENTIFIER = proyectoFinaliOS.ventrua.ferrer.josep.pere.proyectoFinaliOSTests;
				PRODUCT_NAME = "$(TARGET_NAME)";
				SWIFT_VERSION = 5.0;
				TARGETED_DEVICE_FAMILY = "1,2";
				TEST_HOST = "$(BUILT_PRODUCTS_DIR)/proyectoFinaliOS.app/proyectoFinaliOS";
			};
			name = Debug;
		};
		D117B4142405361C00A6B383 /* Release */ = {
			isa = XCBuildConfiguration;
			baseConfigurationReference = 0C14299C8F62E64ECB236134 /* Pods-proyectoFinaliOSTests.release.xcconfig */;
			buildSettings = {
				ALWAYS_EMBED_SWIFT_STANDARD_LIBRARIES = YES;
				BUNDLE_LOADER = "$(TEST_HOST)";
				CODE_SIGN_STYLE = Automatic;
				DEVELOPMENT_TEAM = 4TZ9BPM5KV;
				INFOPLIST_FILE = proyectoFinaliOSTests/Info.plist;
				IPHONEOS_DEPLOYMENT_TARGET = 13.2;
				LD_RUNPATH_SEARCH_PATHS = (
					"$(inherited)",
					"@executable_path/Frameworks",
					"@loader_path/Frameworks",
				);
				PRODUCT_BUNDLE_IDENTIFIER = proyectoFinaliOS.ventrua.ferrer.josep.pere.proyectoFinaliOSTests;
				PRODUCT_NAME = "$(TARGET_NAME)";
				SWIFT_VERSION = 5.0;
				TARGETED_DEVICE_FAMILY = "1,2";
				TEST_HOST = "$(BUILT_PRODUCTS_DIR)/proyectoFinaliOS.app/proyectoFinaliOS";
			};
			name = Release;
		};
/* End XCBuildConfiguration section */

/* Begin XCConfigurationList section */
		D117B3E82405361B00A6B383 /* Build configuration list for PBXProject "proyectoFinaliOS" */ = {
			isa = XCConfigurationList;
			buildConfigurations = (
				D117B40D2405361C00A6B383 /* Debug */,
				D117B40E2405361C00A6B383 /* Release */,
			);
			defaultConfigurationIsVisible = 0;
			defaultConfigurationName = Release;
		};
		D117B40F2405361C00A6B383 /* Build configuration list for PBXNativeTarget "proyectoFinaliOS" */ = {
			isa = XCConfigurationList;
			buildConfigurations = (
				D117B4102405361C00A6B383 /* Debug */,
				D117B4112405361C00A6B383 /* Release */,
			);
			defaultConfigurationIsVisible = 0;
			defaultConfigurationName = Release;
		};
		D117B4122405361C00A6B383 /* Build configuration list for PBXNativeTarget "proyectoFinaliOSTests" */ = {
			isa = XCConfigurationList;
			buildConfigurations = (
				D117B4132405361C00A6B383 /* Debug */,
				D117B4142405361C00A6B383 /* Release */,
			);
			defaultConfigurationIsVisible = 0;
			defaultConfigurationName = Release;
		};
/* End XCConfigurationList section */

/* Begin XCVersionGroup section */
		D117B3F42405361B00A6B383 /* proyectoFinaliOS.xcdatamodeld */ = {
			isa = XCVersionGroup;
			children = (
				D117B3F52405361B00A6B383 /* proyectoFinaliOS.xcdatamodel */,
			);
			currentVersion = D117B3F52405361B00A6B383 /* proyectoFinaliOS.xcdatamodel */;
			path = proyectoFinaliOS.xcdatamodeld;
			sourceTree = "<group>";
			versionGroupType = wrapper.xcdatamodel;
		};
/* End XCVersionGroup section */
	};
	rootObject = D117B3E52405361B00A6B383 /* Project object */;
}
